
Microsoft Visual Studio Solution File, Format Version 12.00
# Visual Studio Version 16
VisualStudioVersion = 16.0.30204.135
MinimumVisualStudioVersion = 15.0.26124.0
Project("{2150E333-8FDC-42A3-9474-1A3956D46DE8}") = "src", "src", "{205334BE-1C02-4680-8BCC-8A2BAB36324A}"
EndProject
Project("{2150E333-8FDC-42A3-9474-1A3956D46DE8}") = "tests", "tests", "{1399941D-B966-49B0-8B04-612DAB2205DA}"
EndProject
Project("{9A19103F-16F7-4668-BE54-9A1E7A4F7556}") = "UnitTests", "tests\UnitTests\UnitTests.csproj", "{88F81DF8-4010-4685-9F66-9FA64E64A0D3}"
EndProject
Project("{9A19103F-16F7-4668-BE54-9A1E7A4F7556}") = "DbUp", "src\DbUp\DbUp.csproj", "{BFCEB4D9-E585-4676-8661-C91CB484FB2C}"
EndProject
Project("{9A19103F-16F7-4668-BE54-9A1E7A4F7556}") = "Web", "src\Web\Web.csproj", "{94B4CE34-7171-4834-9323-92B10E750696}"
EndProject
Project("{9A19103F-16F7-4668-BE54-9A1E7A4F7556}") = "Core", "src\Core\Core.csproj", "{753C5AA0-9B31-4BD8-BDBD-D749D43CA477}"
EndProject
Project("{9A19103F-16F7-4668-BE54-9A1E7A4F7556}") = "Dapper", "src\Dapper\Dapper.csproj", "{B3CCF3D3-22C6-4828-B754-3219D022121E}"
EndProject
Project("{9A19103F-16F7-4668-BE54-9A1E7A4F7556}") = "ConsoleUtilities", "src\ConsoleUtilities\ConsoleUtilities.csproj", "{F11C678F-9FCC-4EB4-B7D7-3194A3D59CC6}"
EndProject
Project("{9A19103F-16F7-4668-BE54-9A1E7A4F7556}") = "BookwalkerImport", "src\BookwalkerImport\BookwalkerImport.csproj", "{88F6EAF7-ED64-4693-AF13-D84583C9697E}"
EndProject
Global
	GlobalSection(SolutionConfigurationPlatforms) = preSolution
		Debug|Any CPU = Debug|Any CPU
		Debug|x64 = Debug|x64
		Debug|x86 = Debug|x86
		Release|Any CPU = Release|Any CPU
		Release|x64 = Release|x64
		Release|x86 = Release|x86
	EndGlobalSection
	GlobalSection(ProjectConfigurationPlatforms) = postSolution
		{88F81DF8-4010-4685-9F66-9FA64E64A0D3}.Debug|Any CPU.ActiveCfg = Debug|Any CPU
		{88F81DF8-4010-4685-9F66-9FA64E64A0D3}.Debug|Any CPU.Build.0 = Debug|Any CPU
		{88F81DF8-4010-4685-9F66-9FA64E64A0D3}.Debug|x64.ActiveCfg = Debug|Any CPU
		{88F81DF8-4010-4685-9F66-9FA64E64A0D3}.Debug|x64.Build.0 = Debug|Any CPU
		{88F81DF8-4010-4685-9F66-9FA64E64A0D3}.Debug|x86.ActiveCfg = Debug|Any CPU
		{88F81DF8-4010-4685-9F66-9FA64E64A0D3}.Debug|x86.Build.0 = Debug|Any CPU
		{88F81DF8-4010-4685-9F66-9FA64E64A0D3}.Release|Any CPU.ActiveCfg = Release|Any CPU
		{88F81DF8-4010-4685-9F66-9FA64E64A0D3}.Release|Any CPU.Build.0 = Release|Any CPU
		{88F81DF8-4010-4685-9F66-9FA64E64A0D3}.Release|x64.ActiveCfg = Release|Any CPU
		{88F81DF8-4010-4685-9F66-9FA64E64A0D3}.Release|x64.Build.0 = Release|Any CPU
		{88F81DF8-4010-4685-9F66-9FA64E64A0D3}.Release|x86.ActiveCfg = Release|Any CPU
		{88F81DF8-4010-4685-9F66-9FA64E64A0D3}.Release|x86.Build.0 = Release|Any CPU
		{BFCEB4D9-E585-4676-8661-C91CB484FB2C}.Debug|Any CPU.ActiveCfg = Debug|Any CPU
		{BFCEB4D9-E585-4676-8661-C91CB484FB2C}.Debug|Any CPU.Build.0 = Debug|Any CPU
		{BFCEB4D9-E585-4676-8661-C91CB484FB2C}.Debug|x64.ActiveCfg = Debug|Any CPU
		{BFCEB4D9-E585-4676-8661-C91CB484FB2C}.Debug|x64.Build.0 = Debug|Any CPU
		{BFCEB4D9-E585-4676-8661-C91CB484FB2C}.Debug|x86.ActiveCfg = Debug|Any CPU
		{BFCEB4D9-E585-4676-8661-C91CB484FB2C}.Debug|x86.Build.0 = Debug|Any CPU
		{BFCEB4D9-E585-4676-8661-C91CB484FB2C}.Release|Any CPU.ActiveCfg = Release|Any CPU
		{BFCEB4D9-E585-4676-8661-C91CB484FB2C}.Release|Any CPU.Build.0 = Release|Any CPU
		{BFCEB4D9-E585-4676-8661-C91CB484FB2C}.Release|x64.ActiveCfg = Release|Any CPU
		{BFCEB4D9-E585-4676-8661-C91CB484FB2C}.Release|x64.Build.0 = Release|Any CPU
		{BFCEB4D9-E585-4676-8661-C91CB484FB2C}.Release|x86.ActiveCfg = Release|Any CPU
		{BFCEB4D9-E585-4676-8661-C91CB484FB2C}.Release|x86.Build.0 = Release|Any CPU
		{94B4CE34-7171-4834-9323-92B10E750696}.Debug|Any CPU.ActiveCfg = Debug|Any CPU
		{94B4CE34-7171-4834-9323-92B10E750696}.Debug|Any CPU.Build.0 = Debug|Any CPU
		{94B4CE34-7171-4834-9323-92B10E750696}.Debug|x64.ActiveCfg = Debug|Any CPU
		{94B4CE34-7171-4834-9323-92B10E750696}.Debug|x64.Build.0 = Debug|Any CPU
		{94B4CE34-7171-4834-9323-92B10E750696}.Debug|x86.ActiveCfg = Debug|Any CPU
		{94B4CE34-7171-4834-9323-92B10E750696}.Debug|x86.Build.0 = Debug|Any CPU
		{94B4CE34-7171-4834-9323-92B10E750696}.Release|Any CPU.ActiveCfg = Release|Any CPU
		{94B4CE34-7171-4834-9323-92B10E750696}.Release|Any CPU.Build.0 = Release|Any CPU
		{94B4CE34-7171-4834-9323-92B10E750696}.Release|x64.ActiveCfg = Release|Any CPU
		{94B4CE34-7171-4834-9323-92B10E750696}.Release|x64.Build.0 = Release|Any CPU
		{94B4CE34-7171-4834-9323-92B10E750696}.Release|x86.ActiveCfg = Release|Any CPU
		{94B4CE34-7171-4834-9323-92B10E750696}.Release|x86.Build.0 = Release|Any CPU
		{753C5AA0-9B31-4BD8-BDBD-D749D43CA477}.Debug|Any CPU.ActiveCfg = Debug|Any CPU
		{753C5AA0-9B31-4BD8-BDBD-D749D43CA477}.Debug|Any CPU.Build.0 = Debug|Any CPU
		{753C5AA0-9B31-4BD8-BDBD-D749D43CA477}.Debug|x64.ActiveCfg = Debug|Any CPU
		{753C5AA0-9B31-4BD8-BDBD-D749D43CA477}.Debug|x64.Build.0 = Debug|Any CPU
		{753C5AA0-9B31-4BD8-BDBD-D749D43CA477}.Debug|x86.ActiveCfg = Debug|Any CPU
		{753C5AA0-9B31-4BD8-BDBD-D749D43CA477}.Debug|x86.Build.0 = Debug|Any CPU
		{753C5AA0-9B31-4BD8-BDBD-D749D43CA477}.Release|Any CPU.ActiveCfg = Release|Any CPU
		{753C5AA0-9B31-4BD8-BDBD-D749D43CA477}.Release|Any CPU.Build.0 = Release|Any CPU
		{753C5AA0-9B31-4BD8-BDBD-D749D43CA477}.Release|x64.ActiveCfg = Release|Any CPU
		{753C5AA0-9B31-4BD8-BDBD-D749D43CA477}.Release|x64.Build.0 = Release|Any CPU
		{753C5AA0-9B31-4BD8-BDBD-D749D43CA477}.Release|x86.ActiveCfg = Release|Any CPU
		{753C5AA0-9B31-4BD8-BDBD-D749D43CA477}.Release|x86.Build.0 = Release|Any CPU
		{B3CCF3D3-22C6-4828-B754-3219D022121E}.Debug|Any CPU.ActiveCfg = Debug|Any CPU
		{B3CCF3D3-22C6-4828-B754-3219D022121E}.Debug|Any CPU.Build.0 = Debug|Any CPU
		{B3CCF3D3-22C6-4828-B754-3219D022121E}.Debug|x64.ActiveCfg = Debug|Any CPU
		{B3CCF3D3-22C6-4828-B754-3219D022121E}.Debug|x64.Build.0 = Debug|Any CPU
		{B3CCF3D3-22C6-4828-B754-3219D022121E}.Debug|x86.ActiveCfg = Debug|Any CPU
		{B3CCF3D3-22C6-4828-B754-3219D022121E}.Debug|x86.Build.0 = Debug|Any CPU
		{B3CCF3D3-22C6-4828-B754-3219D022121E}.Release|Any CPU.ActiveCfg = Release|Any CPU
		{B3CCF3D3-22C6-4828-B754-3219D022121E}.Release|Any CPU.Build.0 = Release|Any CPU
		{B3CCF3D3-22C6-4828-B754-3219D022121E}.Release|x64.ActiveCfg = Release|Any CPU
		{B3CCF3D3-22C6-4828-B754-3219D022121E}.Release|x64.Build.0 = Release|Any CPU
		{B3CCF3D3-22C6-4828-B754-3219D022121E}.Release|x86.ActiveCfg = Release|Any CPU
		{B3CCF3D3-22C6-4828-B754-3219D022121E}.Release|x86.Build.0 = Release|Any CPU
		{F11C678F-9FCC-4EB4-B7D7-3194A3D59CC6}.Debug|Any CPU.ActiveCfg = Debug|Any CPU
		{F11C678F-9FCC-4EB4-B7D7-3194A3D59CC6}.Debug|Any CPU.Build.0 = Debug|Any CPU
		{F11C678F-9FCC-4EB4-B7D7-3194A3D59CC6}.Debug|x64.ActiveCfg = Debug|Any CPU
		{F11C678F-9FCC-4EB4-B7D7-3194A3D59CC6}.Debug|x64.Build.0 = Debug|Any CPU
		{F11C678F-9FCC-4EB4-B7D7-3194A3D59CC6}.Debug|x86.ActiveCfg = Debug|Any CPU
		{F11C678F-9FCC-4EB4-B7D7-3194A3D59CC6}.Debug|x86.Build.0 = Debug|Any CPU
		{F11C678F-9FCC-4EB4-B7D7-3194A3D59CC6}.Release|Any CPU.ActiveCfg = Release|Any CPU
		{F11C678F-9FCC-4EB4-B7D7-3194A3D59CC6}.Release|Any CPU.Build.0 = Release|Any CPU
		{F11C678F-9FCC-4EB4-B7D7-3194A3D59CC6}.Release|x64.ActiveCfg = Release|Any CPU
		{F11C678F-9FCC-4EB4-B7D7-3194A3D59CC6}.Release|x64.Build.0 = Release|Any CPU
		{F11C678F-9FCC-4EB4-B7D7-3194A3D59CC6}.Release|x86.ActiveCfg = Release|Any CPU
		{F11C678F-9FCC-4EB4-B7D7-3194A3D59CC6}.Release|x86.Build.0 = Release|Any CPU
		{88F6EAF7-ED64-4693-AF13-D84583C9697E}.Debug|Any CPU.ActiveCfg = Debug|Any CPU
		{88F6EAF7-ED64-4693-AF13-D84583C9697E}.Debug|Any CPU.Build.0 = Debug|Any CPU
		{88F6EAF7-ED64-4693-AF13-D84583C9697E}.Debug|x64.ActiveCfg = Debug|Any CPU
		{88F6EAF7-ED64-4693-AF13-D84583C9697E}.Debug|x64.Build.0 = Debug|Any CPU
		{88F6EAF7-ED64-4693-AF13-D84583C9697E}.Debug|x86.ActiveCfg = Debug|Any CPU
		{88F6EAF7-ED64-4693-AF13-D84583C9697E}.Debug|x86.Build.0 = Debug|Any CPU
		{88F6EAF7-ED64-4693-AF13-D84583C9697E}.Release|Any CPU.ActiveCfg = Release|Any CPU
		{88F6EAF7-ED64-4693-AF13-D84583C9697E}.Release|Any CPU.Build.0 = Release|Any CPU
		{88F6EAF7-ED64-4693-AF13-D84583C9697E}.Release|x64.ActiveCfg = Release|Any CPU
		{88F6EAF7-ED64-4693-AF13-D84583C9697E}.Release|x64.Build.0 = Release|Any CPU
		{88F6EAF7-ED64-4693-AF13-D84583C9697E}.Release|x86.ActiveCfg = Release|Any CPU
		{88F6EAF7-ED64-4693-AF13-D84583C9697E}.Release|x86.Build.0 = Release|Any CPU
	EndGlobalSection
	GlobalSection(SolutionProperties) = preSolution
		HideSolutionNode = FALSE
	EndGlobalSection
	GlobalSection(NestedProjects) = preSolution
		{88F81DF8-4010-4685-9F66-9FA64E64A0D3} = {1399941D-B966-49B0-8B04-612DAB2205DA}
		{BFCEB4D9-E585-4676-8661-C91CB484FB2C} = {205334BE-1C02-4680-8BCC-8A2BAB36324A}
		{94B4CE34-7171-4834-9323-92B10E750696} = {205334BE-1C02-4680-8BCC-8A2BAB36324A}
		{753C5AA0-9B31-4BD8-BDBD-D749D43CA477} = {205334BE-1C02-4680-8BCC-8A2BAB36324A}
		{B3CCF3D3-22C6-4828-B754-3219D022121E} = {205334BE-1C02-4680-8BCC-8A2BAB36324A}
		{F11C678F-9FCC-4EB4-B7D7-3194A3D59CC6} = {205334BE-1C02-4680-8BCC-8A2BAB36324A}
		{88F6EAF7-ED64-4693-AF13-D84583C9697E} = {205334BE-1C02-4680-8BCC-8A2BAB36324A}
	EndGlobalSection
	GlobalSection(ExtensibilityGlobals) = postSolution
		SolutionGuid = {11538667-809A-4C26-8F1D-FA7F458CA568}
	EndGlobalSection
EndGlobal
